// !$*UTF8*$!
{
	archiveVersion = 1;
	classes = {
	};
	objectVersion = 46;
	objects = {

/* Begin PBXBuildFile section */
		D51C22A71E92E5EB00887F42 /* AppDelegate.swift in Sources */ = {isa = PBXBuildFile; fileRef = D51C22A61E92E5EB00887F42 /* AppDelegate.swift */; };
		D51C22A91E92E5EB00887F42 /* ViewController.swift in Sources */ = {isa = PBXBuildFile; fileRef = D51C22A81E92E5EB00887F42 /* ViewController.swift */; };
		D51C22AC1E92E5EB00887F42 /* Main.storyboard in Resources */ = {isa = PBXBuildFile; fileRef = D51C22AA1E92E5EB00887F42 /* Main.storyboard */; };
		D51C22AE1E92E5EB00887F42 /* Assets.xcassets in Resources */ = {isa = PBXBuildFile; fileRef = D51C22AD1E92E5EB00887F42 /* Assets.xcassets */; };
		D51C22B11E92E5EB00887F42 /* LaunchScreen.storyboard in Resources */ = {isa = PBXBuildFile; fileRef = D51C22AF1E92E5EB00887F42 /* LaunchScreen.storyboard */; };
/* End PBXBuildFile section */

/* Begin PBXFileReference section */
		D51C22A31E92E5EB00887F42 /* Allergy.app */ = {isa = PBXFileReference; explicitFileType = wrapper.application; includeInIndex = 0; path = Allergy.app; sourceTree = BUILT_PRODUCTS_DIR; };
		D51C22A61E92E5EB00887F42 /* AppDelegate.swift */ = {isa = PBXFileReference; lastKnownFileType = sourcecode.swift; path = AppDelegate.swift; sourceTree = "<group>"; };
		D51C22A81E92E5EB00887F42 /* ViewController.swift */ = {isa = PBXFileReference; lastKnownFileType = sourcecode.swift; path = ViewController.swift; sourceTree = "<group>"; };
		D51C22AB1E92E5EB00887F42 /* Base */ = {isa = PBXFileReference; lastKnownFileType = file.storyboard; name = Base; path = Base.lproj/Main.storyboard; sourceTree = "<group>"; };
		D51C22AD1E92E5EB00887F42 /* Assets.xcassets */ = {isa = PBXFileReference; lastKnownFileType = folder.assetcatalog; path = Assets.xcassets; sourceTree = "<group>"; };
		D51C22B01E92E5EB00887F42 /* Base */ = {isa = PBXFileReference; lastKnownFileType = file.storyboard; name = Base; path = Base.lproj/LaunchScreen.storyboard; sourceTree = "<group>"; };
		D51C22B21E92E5EB00887F42 /* Info.plist */ = {isa = PBXFileReference; lastKnownFileType = text.plist.xml; path = Info.plist; sourceTree = "<group>"; };
/* End PBXFileReference section */

/* Begin PBXFrameworksBuildPhase section */
		D51C22A01E92E5EB00887F42 /* Frameworks */ = {
			isa = PBXFrameworksBuildPhase;
			buildActionMask = 2147483647;
			files = (
			);
			runOnlyForDeploymentPostprocessing = 0;
		};
/* End PBXFrameworksBuildPhase section */

/* Begin PBXGroup section */
		D51C229A1E92E5EB00887F42 = {
			isa = PBXGroup;
			children = (
				D51C22A51E92E5EB00887F42 /* Allergy */,
				D51C22A41E92E5EB00887F42 /* Products */,
			);
			sourceTree = "<group>";
		};
		D51C22A41E92E5EB00887F42 /* Products */ = {
			isa = PBXGroup;
			children = (
				D51C22A31E92E5EB00887F42 /* Allergy.app */,
			);
			name = Products;
			sourceTree = "<group>";
		};
		D51C22A51E92E5EB00887F42 /* Allergy */ = {
			isa = PBXGroup;
			children = (
				D51C22A61E92E5EB00887F42 /* AppDelegate.swift */,
				D51C22A81E92E5EB00887F42 /* ViewController.swift */,
				D51C22AA1E92E5EB00887F42 /* Main.storyboard */,
				D51C22AD1E92E5EB00887F42 /* Assets.xcassets */,
				D51C22AF1E92E5EB00887F42 /* LaunchScreen.storyboard */,
				D51C22B21E92E5EB00887F42 /* Info.plist */,
			);
			path = Allergy;
			sourceTree = "<group>";
		};
/* End PBXGroup section */

/* Begin PBXNativeTarget section */
		D51C22A21E92E5EB00887F42 /* Allergy */ = {
			isa = PBXNativeTarget;
			buildConfigurationList = D51C22B51E92E5EB00887F42 /* Build configuration list for PBXNativeTarget "Allergy" */;
			buildPhases = (
				D51C229F1E92E5EB00887F42 /* Sources */,
				D51C22A01E92E5EB00887F42 /* Frameworks */,
				D51C22A11E92E5EB00887F42 /* Resources */,
			);
			buildRules = (
			);
			dependencies = (
			);
			name = Allergy;
			productName = Allergy;
			productReference = D51C22A31E92E5EB00887F42 /* Allergy.app */;
			productType = "com.apple.product-type.application";
		};
/* End PBXNativeTarget section */

/* Begin PBXProject section */
		D51C229B1E92E5EB00887F42 /* Project object */ = {
			isa = PBXProject;
			attributes = {
				LastSwiftUpdateCheck = 0830;
				LastUpgradeCheck = 0830;
				ORGANIZATIONNAME = "Robby Kraft";
				TargetAttributes = {
					D51C22A21E92E5EB00887F42 = {
						CreatedOnToolsVersion = 8.3;
						ProvisioningStyle = Automatic;
					};
				};
			};
			buildConfigurationList = D51C229E1E92E5EB00887F42 /* Build configuration list for PBXProject "Allergy" */;
			compatibilityVersion = "Xcode 3.2";
			developmentRegion = English;
			hasScannedForEncodings = 0;
			knownRegions = (
				en,
				Base,
			);
			mainGroup = D51C229A1E92E5EB00887F42;
			productRefGroup = D51C22A41E92E5EB00887F42 /* Products */;
			projectDirPath = "";
			projectRoot = "";
			targets = (
				D51C22A21E92E5EB00887F42 /* Allergy */,
			);
		};
/* End PBXProject section */

/* Begin PBXResourcesBuildPhase section */
		D51C22A11E92E5EB00887F42 /* Resources */ = {
			isa = PBXResourcesBuildPhase;
			buildActionMask = 2147483647;
			files = (
				D51C22B11E92E5EB00887F42 /* LaunchScreen.storyboard in Resources */,
				D51C22AE1E92E5EB00887F42 /* Assets.xcassets in Resources */,
				D51C22AC1E92E5EB00887F42 /* Main.storyboard in Resources */,
			);
			runOnlyForDeploymentPostprocessing = 0;
		};
/* End PBXResourcesBuildPhase section */

/* Begin PBXSourcesBuildPhase section */
		D51C229F1E92E5EB00887F42 /* Sources */ = {
			isa = PBXSourcesBuildPhase;
			buildActionMask = 2147483647;
			files = (
				D51C22A91E92E5EB00887F42 /* ViewController.swift in Sources */,
				D51C22A71E92E5EB00887F42 /* AppDelegate.swift in Sources */,
			);
			runOnlyForDeploymentPostprocessing = 0;
		};
/* End PBXSourcesBuildPhase section */

/* Begin PBXVariantGroup section */
		D51C22AA1E92E5EB00887F42 /* Main.storyboard */ = {
			isa = PBXVariantGroup;
			children = (
				D51C22AB1E92E5EB00887F42 /* Base */,
			);
			name = Main.storyboard;
			sourceTree = "<group>";
		};
		D51C22AF1E92E5EB00887F42 /* LaunchScreen.storyboard */ = {
			isa = PBXVariantGroup;
			children = (
				D51C22B01E92E5EB00887F42 /* Base */,
			);
			name = LaunchScreen.storyboard;
			sourceTree = "<group>";
		};
/* End PBXVariantGroup section */

/* Begin XCBuildConfiguration section */
		D51C22B31E92E5EB00887F42 /* Debug */ = {
			isa = XCBuildConfiguration;
			buildSettings = {
				ALWAYS_SEARCH_USER_PATHS = NO;
				CLANG_ANALYZER_NONNULL = YES;
				CLANG_ANALYZER_NUMBER_OBJECT_CONVERSION = YES_AGGRESSIVE;
				CLANG_CXX_LANGUAGE_STANDARD = "gnu++0x";
				CLANG_CXX_LIBRARY = "libc++";
				CLANG_ENABLE_MODULES = YES;
				CLANG_ENABLE_OBJC_ARC = YES;
				CLANG_WARN_BOOL_CONVERSION = YES;
				CLANG_WARN_CONSTANT_CONVERSION = YES;
				CLANG_WARN_DIRECT_OBJC_ISA_USAGE = YES_ERROR;
				CLANG_WARN_DOCUMENTATION_COMMENTS = YES;
				CLANG_WARN_EMPTY_BODY = YES;
				CLANG_WARN_ENUM_CONVERSION = YES;
				CLANG_WARN_INFINITE_RECURSION = YES;
				CLANG_WARN_INT_CONVERSION = YES;
				CLANG_WARN_OBJC_ROOT_CLASS = YES_ERROR;
				CLANG_WARN_SUSPICIOUS_MOVE = YES;
				CLANG_WARN_UNREACHABLE_CODE = YES;
				CLANG_WARN__DUPLICATE_METHOD_MATCH = YES;
				"CODE_SIGN_IDENTITY[sdk=iphoneos*]" = "iPhone Developer";
				COPY_PHASE_STRIP = NO;
				DEBUG_INFORMATION_FORMAT = dwarf;
				ENABLE_STRICT_OBJC_MSGSEND = YES;
				ENABLE_TESTABILITY = YES;
				GCC_C_LANGUAGE_STANDARD = gnu99;
				GCC_DYNAMIC_NO_PIC = NO;
				GCC_NO_COMMON_BLOCKS = YES;
				GCC_OPTIMIZATION_LEVEL = 0;
				GCC_PREPROCESSOR_DEFINITIONS = (
					"DEBUG=1",
					"$(inherited)",
				);
				GCC_WARN_64_TO_32_BIT_CONVERSION = YES;
				GCC_WARN_ABOUT_RETURN_TYPE = YES_ERROR;
				GCC_WARN_UNDECLARED_SELECTOR = YES;
				GCC_WARN_UNINITIALIZED_AUTOS = YES_AGGRESSIVE;
				GCC_WARN_UNUSED_FUNCTION = YES;
				GCC_WARN_UNUSED_VARIABLE = YES;
				IPHONEOS_DEPLOYMENT_TARGET = 10.3;
				MTL_ENABLE_DEBUG_INFO = YES;
				ONLY_ACTIVE_ARCH = YES;
				SDKROOT = iphoneos;
				SWIFT_ACTIVE_COMPILATION_CONDITIONS = DEBUG;
				SWIFT_OPTIMIZATION_LEVEL = "-Onone";
				TARGETED_DEVICE_FAMILY = "1,2";
			};
			name = Debug;
		};
		D51C22B41E92E5EB00887F42 /* Release */ = {
			isa = XCBuildConfiguration;
			buildSettings = {
				ALWAYS_SEARCH_USER_PATHS = NO;
				CLANG_ANALYZER_NONNULL = YES;
				CLANG_ANALYZER_NUMBER_OBJECT_CONVERSION = YES_AGGRESSIVE;
				CLANG_CXX_LANGUAGE_STANDARD = "gnu++0x";
				CLANG_CXX_LIBRARY = "libc++";
				CLANG_ENABLE_MODULES = YES;
				CLANG_ENABLE_OBJC_ARC = YES;
				CLANG_WARN_BOOL_CONVERSION = YES;
				CLANG_WARN_CONSTANT_CONVERSION = YES;
				CLANG_WARN_DIRECT_OBJC_ISA_USAGE = YES_ERROR;
				CLANG_WARN_DOCUMENTATION_COMMENTS = YES;
				CLANG_WARN_EMPTY_BODY = YES;
				CLANG_WARN_ENUM_CONVERSION = YES;
				CLANG_WARN_INFINITE_RECURSION = YES;
				CLANG_WARN_INT_CONVERSION = YES;
				CLANG_WARN_OBJC_ROOT_CLASS = YES_ERROR;
				CLANG_WARN_SUSPICIOUS_MOVE = YES;
				CLANG_WARN_UNREACHABLE_CODE = YES;
				CLANG_WARN__DUPLICATE_METHOD_MATCH = YES;
				"CODE_SIGN_IDENTITY[sdk=iphoneos*]" = "iPhone Developer";
				COPY_PHASE_STRIP = NO;
				DEBUG_INFORMATION_FORMAT = "dwarf-with-dsym";
				ENABLE_NS_ASSERTIONS = NO;
				ENABLE_STRICT_OBJC_MSGSEND = YES;
				GCC_C_LANGUAGE_STANDARD = gnu99;
				GCC_NO_COMMON_BLOCKS = YES;
				GCC_WARN_64_TO_32_BIT_CONVERSION = YES;
				GCC_WARN_ABOUT_RETURN_TYPE = YES_ERROR;
				GCC_WARN_UNDECLARED_SELECTOR = YES;
				GCC_WARN_UNINITIALIZED_AUTOS = YES_AGGRESSIVE;
				GCC_WARN_UNUSED_FUNCTION = YES;
				GCC_WARN_UNUSED_VARIABLE = YES;
				IPHONEOS_DEPLOYMENT_TARGET = 10.3;
				MTL_ENABLE_DEBUG_INFO = NO;
				SDKROOT = iphoneos;
				SWIFT_OPTIMIZATION_LEVEL = "-Owholemodule";
				TARGETED_DEVICE_FAMILY = "1,2";
				VALIDATE_PRODUCT = YES;
			};
			name = Release;
		};
		D51C22B61E92E5EB00887F42 /* Debug */ = {
			isa = XCBuildConfiguration;
			buildSettings = {
				ASSETCATALOG_COMPILER_APPICON_NAME = AppIcon;
				INFOPLIST_FILE = Allergy/Info.plist;
				LD_RUNPATH_SEARCH_PATHS = "$(inherited) @executable_path/Frameworks";
				PRODUCT_BUNDLE_IDENTIFIER = com.robbykraft.Allergy;
				PRODUCT_NAME = "$(TARGET_NAME)";
				SWIFT_VERSION = 3.0;
			};
			name = Debug;
		};
		D51C22B71E92E5EB00887F42 /* Release */ = {
			isa = XCBuildConfiguration;
			buildSettings = {
				ASSETCATALOG_COMPILER_APPICON_NAME = AppIcon;
				INFOPLIST_FILE = Allergy/Info.plist;
				LD_RUNPATH_SEARCH_PATHS = "$(inherited) @executable_path/Frameworks";
				PRODUCT_BUNDLE_IDENTIFIER = com.robbykraft.Allergy;
				PRODUCT_NAME = "$(TARGET_NAME)";
				SWIFT_VERSION = 3.0;
			};
			name = Release;
		};
/* End XCBuildConfiguration section */

/* Begin XCConfigurationList section */
		D51C229E1E92E5EB00887F42 /* Build configuration list for PBXProject "Allergy" */ = {
			isa = XCConfigurationList;
			buildConfigurations = (
				D51C22B31E92E5EB00887F42 /* Debug */,
				D51C22B41E92E5EB00887F42 /* Release */,
			);
			defaultConfigurationIsVisible = 0;
			defaultConfigurationName = Release;
		};
		D51C22B51E92E5EB00887F42 /* Build configuration list for PBXNativeTarget "Allergy" */ = {
			isa = XCConfigurationList;
			buildConfigurations = (
				D51C22B61E92E5EB00887F42 /* Debug */,
				D51C22B71E92E5EB00887F42 /* Release */,
			);
			defaultConfigurationIsVisible = 0;
		};
/* End XCConfigurationList section */
	};
	rootObject = D51C229B1E92E5EB00887F42 /* Project object */;
}
